
Microsoft Visual Studio Solution File, Format Version 12.00
# Visual Studio Version 17
VisualStudioVersion = 17.1.32421.90
MinimumVisualStudioVersion = 10.0.40219.1
Project("{FAE04EC0-301F-11D3-BF4B-00C04F79EFBC}") = "MatrixSploit", "FlopSploit\MatrixSploit.csproj", "{B658BB6B-1E07-46FF-B274-D8311691945E}"
EndProject
Global
	GlobalSection(SolutionConfigurationPlatforms) = preSolution
		Debug|Any CPU = Debug|Any CPU
		Release|Any CPU = Release|Any CPU
	EndGlobalSection
	GlobalSection(ProjectConfigurationPlatforms) = postSolution
		{B658BB6B-1E07-46FF-B274-D8311691945E}.Debug|Any CPU.ActiveCfg = Debug|Any CPU
		{B658BB6B-1E07-46FF-B274-D8311691945E}.Debug|Any CPU.Build.0 = Debug|Any CPU
		{B658BB6B-1E07-46FF-B274-D8311691945E}.Release|Any CPU.ActiveCfg = Release|Any CPU
		{B658BB6B-1E07-46FF-B274-D8311691945E}.Release|Any CPU.Build.0 = Release|Any CPU
	EndGlobalSection
	GlobalSection(SolutionProperties) = preSolution
		HideSolutionNode = FALSE
	EndGlobalSection
	GlobalSection(ExtensibilityGlobals) = postSolution
		SolutionGuid = {628CF64D-1377-4A71-99FA-349CA1EBE5E3}
	EndGlobalSection
EndGlobal
